
Microsoft Visual Studio Solution File, Format Version 12.00
# Visual Studio Version 16
VisualStudioVersion = 16.0.32413.511
MinimumVisualStudioVersion = 10.0.40219.1
Project("{FAE04EC0-301F-11D3-BF4B-00C04F79EFBC}") = "Demo.Web", "Demo.Web\Demo.Web.csproj", "{20DAC08A-D43D-43C5-92C5-36F44C80953D}"
EndProject
Project("{FAE04EC0-301F-11D3-BF4B-00C04F79EFBC}") = "Demo.Domain", "Demo.Domain\Demo.Domain.csproj", "{A3A8FA2D-9662-4882-A521-E792E779E5CD}"
EndProject
Project("{FAE04EC0-301F-11D3-BF4B-00C04F79EFBC}") = "Demo.Repository", "Demo.Repository\Demo.Repository.csproj", "{7001B54B-333C-4EC6-A5F2-79B839B8EE1B}"
EndProject
Project("{FAE04EC0-301F-11D3-BF4B-00C04F79EFBC}") = "Demo.Service", "Demo.Service\Demo.Service.csproj", "{CDC42D84-693F-485B-92AD-00D65188F45C}"
EndProject
Global
	GlobalSection(SolutionConfigurationPlatforms) = preSolution
		Debug|Any CPU = Debug|Any CPU
		Release|Any CPU = Release|Any CPU
	EndGlobalSection
	GlobalSection(ProjectConfigurationPlatforms) = postSolution
		{20DAC08A-D43D-43C5-92C5-36F44C80953D}.Debug|Any CPU.ActiveCfg = Debug|Any CPU
		{20DAC08A-D43D-43C5-92C5-36F44C80953D}.Debug|Any CPU.Build.0 = Debug|Any CPU
		{20DAC08A-D43D-43C5-92C5-36F44C80953D}.Release|Any CPU.ActiveCfg = Release|Any CPU
		{20DAC08A-D43D-43C5-92C5-36F44C80953D}.Release|Any CPU.Build.0 = Release|Any CPU
		{A3A8FA2D-9662-4882-A521-E792E779E5CD}.Debug|Any CPU.ActiveCfg = Debug|Any CPU
		{A3A8FA2D-9662-4882-A521-E792E779E5CD}.Debug|Any CPU.Build.0 = Debug|Any CPU
		{A3A8FA2D-9662-4882-A521-E792E779E5CD}.Release|Any CPU.ActiveCfg = Release|Any CPU
		{A3A8FA2D-9662-4882-A521-E792E779E5CD}.Release|Any CPU.Build.0 = Release|Any CPU
		{7001B54B-333C-4EC6-A5F2-79B839B8EE1B}.Debug|Any CPU.ActiveCfg = Debug|Any CPU
		{7001B54B-333C-4EC6-A5F2-79B839B8EE1B}.Debug|Any CPU.Build.0 = Debug|Any CPU
		{7001B54B-333C-4EC6-A5F2-79B839B8EE1B}.Release|Any CPU.ActiveCfg = Release|Any CPU
		{7001B54B-333C-4EC6-A5F2-79B839B8EE1B}.Release|Any CPU.Build.0 = Release|Any CPU
		{CDC42D84-693F-485B-92AD-00D65188F45C}.Debug|Any CPU.ActiveCfg = Debug|Any CPU
		{CDC42D84-693F-485B-92AD-00D65188F45C}.Debug|Any CPU.Build.0 = Debug|Any CPU
		{CDC42D84-693F-485B-92AD-00D65188F45C}.Release|Any CPU.ActiveCfg = Release|Any CPU
		{CDC42D84-693F-485B-92AD-00D65188F45C}.Release|Any CPU.Build.0 = Release|Any CPU
	EndGlobalSection
	GlobalSection(SolutionProperties) = preSolution
		HideSolutionNode = FALSE
	EndGlobalSection
	GlobalSection(ExtensibilityGlobals) = postSolution
		SolutionGuid = {D1C4A98D-2C83-42CF-99D6-BFAC8B31562C}
	EndGlobalSection
EndGlobal
